
Microsoft Visual Studio Solution File, Format Version 12.00
# Visual Studio 2012
Project("{FAE04EC0-301F-11D3-BF4B-00C04F79EFBC}") = "SimpleORM", "SimpleORM\SimpleORM.csproj", "{F8011DA5-5B24-4D2E-8A2D-49B0E395C2A3}"
EndProject
Project("{FAE04EC0-301F-11D3-BF4B-00C04F79EFBC}") = "SimpleORMTests", "SimpleORMTests\SimpleORMTests.csproj", "{7CA47FBA-5055-4875-BAD5-3C2826E47FCB}"
EndProject
Global
	GlobalSection(SolutionConfigurationPlatforms) = preSolution
		Debug|Any CPU = Debug|Any CPU
		Release|Any CPU = Release|Any CPU
	EndGlobalSection
	GlobalSection(ProjectConfigurationPlatforms) = postSolution
		{7CA47FBA-5055-4875-BAD5-3C2826E47FCB}.Debug|Any CPU.ActiveCfg = Debug|Any CPU
		{7CA47FBA-5055-4875-BAD5-3C2826E47FCB}.Debug|Any CPU.Build.0 = Debug|Any CPU
		{7CA47FBA-5055-4875-BAD5-3C2826E47FCB}.Release|Any CPU.ActiveCfg = Release|Any CPU
		{7CA47FBA-5055-4875-BAD5-3C2826E47FCB}.Release|Any CPU.Build.0 = Release|Any CPU
		{F8011DA5-5B24-4D2E-8A2D-49B0E395C2A3}.Debug|Any CPU.ActiveCfg = Debug|Any CPU
		{F8011DA5-5B24-4D2E-8A2D-49B0E395C2A3}.Debug|Any CPU.Build.0 = Debug|Any CPU
		{F8011DA5-5B24-4D2E-8A2D-49B0E395C2A3}.Release|Any CPU.ActiveCfg = Release|Any CPU
		{F8011DA5-5B24-4D2E-8A2D-49B0E395C2A3}.Release|Any CPU.Build.0 = Release|Any CPU
	EndGlobalSection
	GlobalSection(SolutionProperties) = preSolution
		HideSolutionNode = FALSE
	EndGlobalSection
EndGlobal
